{
  "requires": true,
  "lockfileVersion": 1,
  "dependencies": {
    "@react-native-clipboard/clipboard": {
      "version": "1.7.0",
      "resolved": "https://registry.npmjs.org/@react-native-clipboard/clipboard/-/clipboard-1.7.0.tgz",
      "integrity": "sha512-i5dJgR+wM8Om+hFEB/PqNb65/x5WxpaZG+UjEBX2/gmmIrmAWI72tI9rVL1gjPA9RWNpdpzvp+ioGjpdl7MyWQ=="
    }
  }
}
